
Microsoft Visual Studio Solution File, Format Version 12.00
# Visual Studio Version 17
VisualStudioVersion = 17.3.32804.467
MinimumVisualStudioVersion = 10.0.40219.1
Project("{FAE04EC0-301F-11D3-BF4B-00C04F79EFBC}") = "LibraryService", "LibraryService\LibraryService.csproj", "{CA9D40B8-26F2-4DBB-8E0D-41866F91B492}"
EndProject
Project("{FAE04EC0-301F-11D3-BF4B-00C04F79EFBC}") = "LibraryService.Web", "LibraryService.Web\LibraryService.Web.csproj", "{E6CB23C9-EC57-46C4-9EEF-E991907B2337}"
EndProject
Global
	GlobalSection(SolutionConfigurationPlatforms) = preSolution
		Debug|Any CPU = Debug|Any CPU
		Release|Any CPU = Release|Any CPU
	EndGlobalSection
	GlobalSection(ProjectConfigurationPlatforms) = postSolution
		{CA9D40B8-26F2-4DBB-8E0D-41866F91B492}.Debug|Any CPU.ActiveCfg = Debug|Any CPU
		{CA9D40B8-26F2-4DBB-8E0D-41866F91B492}.Debug|Any CPU.Build.0 = Debug|Any CPU
		{CA9D40B8-26F2-4DBB-8E0D-41866F91B492}.Release|Any CPU.ActiveCfg = Release|Any CPU
		{CA9D40B8-26F2-4DBB-8E0D-41866F91B492}.Release|Any CPU.Build.0 = Release|Any CPU
		{E6CB23C9-EC57-46C4-9EEF-E991907B2337}.Debug|Any CPU.ActiveCfg = Debug|Any CPU
		{E6CB23C9-EC57-46C4-9EEF-E991907B2337}.Debug|Any CPU.Build.0 = Debug|Any CPU
		{E6CB23C9-EC57-46C4-9EEF-E991907B2337}.Release|Any CPU.ActiveCfg = Release|Any CPU
		{E6CB23C9-EC57-46C4-9EEF-E991907B2337}.Release|Any CPU.Build.0 = Release|Any CPU
	EndGlobalSection
	GlobalSection(SolutionProperties) = preSolution
		HideSolutionNode = FALSE
	EndGlobalSection
	GlobalSection(ExtensibilityGlobals) = postSolution
		SolutionGuid = {AD31F40B-4FE6-4E44-A928-960BF4B9D665}
	EndGlobalSection
EndGlobal
